
Microsoft Visual Studio Solution File, Format Version 12.00
# Visual Studio 15
VisualStudioVersion = 15.0.27130.2027
MinimumVisualStudioVersion = 10.0.40219.1
Project("{FAE04EC0-301F-11D3-BF4B-00C04F79EFBC}") = "ConfigManager.Core", "ConfigManager.Core\ConfigManager.Core.csproj", "{90C8BC04-DA38-473A-ABDC-30010E432C2A}"
EndProject
Project("{FAE04EC0-301F-11D3-BF4B-00C04F79EFBC}") = "ConfigManager.Web", "ConfigManager.Web\ConfigManager.Web.csproj", "{0972B685-4919-4096-9AEA-4704E8B9DF62}"
EndProject
Project("{FAE04EC0-301F-11D3-BF4B-00C04F79EFBC}") = "ConfigManager.UnitTest", "ConfigManager.UnitTest\ConfigManager.UnitTest.csproj", "{86D28BD6-CD18-4922-8A9A-D295EF8FBDEA}"
EndProject
Global
	GlobalSection(SolutionConfigurationPlatforms) = preSolution
		Debug|Any CPU = Debug|Any CPU
		Release|Any CPU = Release|Any CPU
	EndGlobalSection
	GlobalSection(ProjectConfigurationPlatforms) = postSolution
		{90C8BC04-DA38-473A-ABDC-30010E432C2A}.Debug|Any CPU.ActiveCfg = Debug|Any CPU
		{90C8BC04-DA38-473A-ABDC-30010E432C2A}.Debug|Any CPU.Build.0 = Debug|Any CPU
		{90C8BC04-DA38-473A-ABDC-30010E432C2A}.Release|Any CPU.ActiveCfg = Release|Any CPU
		{90C8BC04-DA38-473A-ABDC-30010E432C2A}.Release|Any CPU.Build.0 = Release|Any CPU
		{0972B685-4919-4096-9AEA-4704E8B9DF62}.Debug|Any CPU.ActiveCfg = Debug|Any CPU
		{0972B685-4919-4096-9AEA-4704E8B9DF62}.Debug|Any CPU.Build.0 = Debug|Any CPU
		{0972B685-4919-4096-9AEA-4704E8B9DF62}.Release|Any CPU.ActiveCfg = Release|Any CPU
		{0972B685-4919-4096-9AEA-4704E8B9DF62}.Release|Any CPU.Build.0 = Release|Any CPU
		{86D28BD6-CD18-4922-8A9A-D295EF8FBDEA}.Debug|Any CPU.ActiveCfg = Debug|Any CPU
		{86D28BD6-CD18-4922-8A9A-D295EF8FBDEA}.Debug|Any CPU.Build.0 = Debug|Any CPU
		{86D28BD6-CD18-4922-8A9A-D295EF8FBDEA}.Release|Any CPU.ActiveCfg = Release|Any CPU
		{86D28BD6-CD18-4922-8A9A-D295EF8FBDEA}.Release|Any CPU.Build.0 = Release|Any CPU
	EndGlobalSection
	GlobalSection(SolutionProperties) = preSolution
		HideSolutionNode = FALSE
	EndGlobalSection
	GlobalSection(ExtensibilityGlobals) = postSolution
		SolutionGuid = {1DF5ADC8-2313-44C1-ACC1-43F1DC7295E3}
	EndGlobalSection
EndGlobal
